// !$*UTF8*$!
{
	archiveVersion = 1;
	classes = {
	};
	objectVersion = 56;
	objects = {

/* Begin PBXBuildFile section */
		92017AE829C49B9500445167 /* WebService.swift in Sources */ = {isa = PBXBuildFile; fileRef = 92017AE729C49B9500445167 /* WebService.swift */; };
		92017AEB29C49E0500445167 /* WebServiceError.swift in Sources */ = {isa = PBXBuildFile; fileRef = 92017AEA29C49E0500445167 /* WebServiceError.swift */; };
		92017AEC29C49F8100445167 /* WebService.swift in Sources */ = {isa = PBXBuildFile; fileRef = 92017AE729C49B9500445167 /* WebService.swift */; };
		92017AEE29C4A57F00445167 /* CityWeatherNetworker.swift in Sources */ = {isa = PBXBuildFile; fileRef = 92017AED29C4A57F00445167 /* CityWeatherNetworker.swift */; };
		92017AEF29C4A57F00445167 /* CityWeatherNetworker.swift in Sources */ = {isa = PBXBuildFile; fileRef = 92017AED29C4A57F00445167 /* CityWeatherNetworker.swift */; };
		92017AF829C4B58B00445167 /* Weather.swift in Sources */ = {isa = PBXBuildFile; fileRef = 92017AF729C4B58B00445167 /* Weather.swift */; };
		92017AF929C4B58B00445167 /* Weather.swift in Sources */ = {isa = PBXBuildFile; fileRef = 92017AF729C4B58B00445167 /* Weather.swift */; };
		9224FAEA29C4945C0064123E /* ParisWeatherApp.swift in Sources */ = {isa = PBXBuildFile; fileRef = 9224FAE929C4945C0064123E /* ParisWeatherApp.swift */; };
		9224FAEC29C4945C0064123E /* Persistence.swift in Sources */ = {isa = PBXBuildFile; fileRef = 9224FAEB29C4945C0064123E /* Persistence.swift */; };
		9224FAEF29C4945C0064123E /* ParisWeather.xcdatamodeld in Sources */ = {isa = PBXBuildFile; fileRef = 9224FAED29C4945C0064123E /* ParisWeather.xcdatamodeld */; };
		9224FAF129C4945C0064123E /* ContentView.swift in Sources */ = {isa = PBXBuildFile; fileRef = 9224FAF029C4945C0064123E /* ContentView.swift */; };
		9224FAF329C494620064123E /* Assets.xcassets in Resources */ = {isa = PBXBuildFile; fileRef = 9224FAF229C494620064123E /* Assets.xcassets */; };
		9224FAF729C494620064123E /* Preview Assets.xcassets in Resources */ = {isa = PBXBuildFile; fileRef = 9224FAF629C494620064123E /* Preview Assets.xcassets */; };
		9224FB0129C494620064123E /* ParisWeatherTests.swift in Sources */ = {isa = PBXBuildFile; fileRef = 9224FB0029C494620064123E /* ParisWeatherTests.swift */; };
		9224FB0B29C494620064123E /* ParisWeatherUITests.swift in Sources */ = {isa = PBXBuildFile; fileRef = 9224FB0A29C494620064123E /* ParisWeatherUITests.swift */; };
		9224FB0D29C494620064123E /* ParisWeatherUITestsLaunchTests.swift in Sources */ = {isa = PBXBuildFile; fileRef = 9224FB0C29C494620064123E /* ParisWeatherUITestsLaunchTests.swift */; };
		925C6D7A29C4E3F70034EADA /* HomeView.swift in Sources */ = {isa = PBXBuildFile; fileRef = 925C6D7929C4E3F70034EADA /* HomeView.swift */; };
		925C6D7C29C4E4320034EADA /* HomeView-ViewModel.swift in Sources */ = {isa = PBXBuildFile; fileRef = 925C6D7B29C4E4320034EADA /* HomeView-ViewModel.swift */; };
		925C6D7E29C4E7A60034EADA /* LoadingState.swift in Sources */ = {isa = PBXBuildFile; fileRef = 925C6D7D29C4E7A60034EADA /* LoadingState.swift */; };
		925C6D8129C4EAC30034EADA /* HomeViewLoaded.swift in Sources */ = {isa = PBXBuildFile; fileRef = 925C6D8029C4EAC30034EADA /* HomeViewLoaded.swift */; };
		929BBB2929C5D2370051DD1D /* Date+ext.swift in Sources */ = {isa = PBXBuildFile; fileRef = 929BBB2829C5D2370051DD1D /* Date+ext.swift */; };
		929BBB2B29C5D3BE0051DD1D /* WeatherRowView.swift in Sources */ = {isa = PBXBuildFile; fileRef = 929BBB2A29C5D3BE0051DD1D /* WeatherRowView.swift */; };
		929BBB2D29C5EFC80051DD1D /* LoadingView.swift in Sources */ = {isa = PBXBuildFile; fileRef = 929BBB2C29C5EFC80051DD1D /* LoadingView.swift */; };
		929BBB2F29C5F0990051DD1D /* FailedView.swift in Sources */ = {isa = PBXBuildFile; fileRef = 929BBB2E29C5F0990051DD1D /* FailedView.swift */; };
/* End PBXBuildFile section */

/* Begin PBXContainerItemProxy section */
		9224FAFD29C494620064123E /* PBXContainerItemProxy */ = {
			isa = PBXContainerItemProxy;
			containerPortal = 9224FADE29C4945C0064123E /* Project object */;
			proxyType = 1;
			remoteGlobalIDString = 9224FAE529C4945C0064123E;
			remoteInfo = ParisWeather;
		};
		9224FB0729C494620064123E /* PBXContainerItemProxy */ = {
			isa = PBXContainerItemProxy;
			containerPortal = 9224FADE29C4945C0064123E /* Project object */;
			proxyType = 1;
			remoteGlobalIDString = 9224FAE529C4945C0064123E;
			remoteInfo = ParisWeather;
		};
/* End PBXContainerItemProxy section */

/* Begin PBXFileReference section */
		92017AE729C49B9500445167 /* WebService.swift */ = {isa = PBXFileReference; lastKnownFileType = sourcecode.swift; path = WebService.swift; sourceTree = "<group>"; };
		92017AEA29C49E0500445167 /* WebServiceError.swift */ = {isa = PBXFileReference; lastKnownFileType = sourcecode.swift; path = WebServiceError.swift; sourceTree = "<group>"; };
		92017AED29C4A57F00445167 /* CityWeatherNetworker.swift */ = {isa = PBXFileReference; lastKnownFileType = sourcecode.swift; path = CityWeatherNetworker.swift; sourceTree = "<group>"; };
		92017AF729C4B58B00445167 /* Weather.swift */ = {isa = PBXFileReference; lastKnownFileType = sourcecode.swift; path = Weather.swift; sourceTree = "<group>"; };
		9224FAE629C4945C0064123E /* ParisWeather.app */ = {isa = PBXFileReference; explicitFileType = wrapper.application; includeInIndex = 0; path = ParisWeather.app; sourceTree = BUILT_PRODUCTS_DIR; };
		9224FAE929C4945C0064123E /* ParisWeatherApp.swift */ = {isa = PBXFileReference; lastKnownFileType = sourcecode.swift; path = ParisWeatherApp.swift; sourceTree = "<group>"; };
		9224FAEB29C4945C0064123E /* Persistence.swift */ = {isa = PBXFileReference; lastKnownFileType = sourcecode.swift; path = Persistence.swift; sourceTree = "<group>"; };
		9224FAEE29C4945C0064123E /* ParisWeather.xcdatamodel */ = {isa = PBXFileReference; lastKnownFileType = wrapper.xcdatamodel; path = ParisWeather.xcdatamodel; sourceTree = "<group>"; };
		9224FAF029C4945C0064123E /* ContentView.swift */ = {isa = PBXFileReference; lastKnownFileType = sourcecode.swift; path = ContentView.swift; sourceTree = "<group>"; };
		9224FAF229C494620064123E /* Assets.xcassets */ = {isa = PBXFileReference; lastKnownFileType = folder.assetcatalog; path = Assets.xcassets; sourceTree = "<group>"; };
		9224FAF429C494620064123E /* ParisWeather.entitlements */ = {isa = PBXFileReference; lastKnownFileType = text.plist.entitlements; path = ParisWeather.entitlements; sourceTree = "<group>"; };
		9224FAF629C494620064123E /* Preview Assets.xcassets */ = {isa = PBXFileReference; lastKnownFileType = folder.assetcatalog; path = "Preview Assets.xcassets"; sourceTree = "<group>"; };
		9224FAFC29C494620064123E /* ParisWeatherTests.xctest */ = {isa = PBXFileReference; explicitFileType = wrapper.cfbundle; includeInIndex = 0; path = ParisWeatherTests.xctest; sourceTree = BUILT_PRODUCTS_DIR; };
		9224FB0029C494620064123E /* ParisWeatherTests.swift */ = {isa = PBXFileReference; lastKnownFileType = sourcecode.swift; path = ParisWeatherTests.swift; sourceTree = "<group>"; };
		9224FB0629C494620064123E /* ParisWeatherUITests.xctest */ = {isa = PBXFileReference; explicitFileType = wrapper.cfbundle; includeInIndex = 0; path = ParisWeatherUITests.xctest; sourceTree = BUILT_PRODUCTS_DIR; };
		9224FB0A29C494620064123E /* ParisWeatherUITests.swift */ = {isa = PBXFileReference; lastKnownFileType = sourcecode.swift; path = ParisWeatherUITests.swift; sourceTree = "<group>"; };
		9224FB0C29C494620064123E /* ParisWeatherUITestsLaunchTests.swift */ = {isa = PBXFileReference; lastKnownFileType = sourcecode.swift; path = ParisWeatherUITestsLaunchTests.swift; sourceTree = "<group>"; };
		925C6D7929C4E3F70034EADA /* HomeView.swift */ = {isa = PBXFileReference; lastKnownFileType = sourcecode.swift; path = HomeView.swift; sourceTree = "<group>"; };
		925C6D7B29C4E4320034EADA /* HomeView-ViewModel.swift */ = {isa = PBXFileReference; lastKnownFileType = sourcecode.swift; path = "HomeView-ViewModel.swift"; sourceTree = "<group>"; };
		925C6D7D29C4E7A60034EADA /* LoadingState.swift */ = {isa = PBXFileReference; lastKnownFileType = sourcecode.swift; path = LoadingState.swift; sourceTree = "<group>"; };
		925C6D8029C4EAC30034EADA /* HomeViewLoaded.swift */ = {isa = PBXFileReference; lastKnownFileType = sourcecode.swift; path = HomeViewLoaded.swift; sourceTree = "<group>"; };
		929BBB2829C5D2370051DD1D /* Date+ext.swift */ = {isa = PBXFileReference; lastKnownFileType = sourcecode.swift; path = "Date+ext.swift"; sourceTree = "<group>"; };
		929BBB2A29C5D3BE0051DD1D /* WeatherRowView.swift */ = {isa = PBXFileReference; lastKnownFileType = sourcecode.swift; path = WeatherRowView.swift; sourceTree = "<group>"; };
		929BBB2C29C5EFC80051DD1D /* LoadingView.swift */ = {isa = PBXFileReference; lastKnownFileType = sourcecode.swift; path = LoadingView.swift; sourceTree = "<group>"; };
		929BBB2E29C5F0990051DD1D /* FailedView.swift */ = {isa = PBXFileReference; lastKnownFileType = sourcecode.swift; path = FailedView.swift; sourceTree = "<group>"; };
/* End PBXFileReference section */

/* Begin PBXFrameworksBuildPhase section */
		9224FAE329C4945C0064123E /* Frameworks */ = {
			isa = PBXFrameworksBuildPhase;
			buildActionMask = 2147483647;
			files = (
			);
			runOnlyForDeploymentPostprocessing = 0;
		};
		9224FAF929C494620064123E /* Frameworks */ = {
			isa = PBXFrameworksBuildPhase;
			buildActionMask = 2147483647;
			files = (
			);
			runOnlyForDeploymentPostprocessing = 0;
		};
		9224FB0329C494620064123E /* Frameworks */ = {
			isa = PBXFrameworksBuildPhase;
			buildActionMask = 2147483647;
			files = (
			);
			runOnlyForDeploymentPostprocessing = 0;
		};
/* End PBXFrameworksBuildPhase section */

/* Begin PBXGroup section */
		9224FADD29C4945C0064123E = {
			isa = PBXGroup;
			children = (
				9224FAE829C4945C0064123E /* ParisWeather */,
				9224FAFF29C494620064123E /* ParisWeatherTests */,
				9224FB0929C494620064123E /* ParisWeatherUITests */,
				9224FAE729C4945C0064123E /* Products */,
			);
			sourceTree = "<group>";
		};
		9224FAE729C4945C0064123E /* Products */ = {
			isa = PBXGroup;
			children = (
				9224FAE629C4945C0064123E /* ParisWeather.app */,
				9224FAFC29C494620064123E /* ParisWeatherTests.xctest */,
				9224FB0629C494620064123E /* ParisWeatherUITests.xctest */,
			);
			name = Products;
			sourceTree = "<group>";
		};
		9224FAE829C4945C0064123E /* ParisWeather */ = {
			isa = PBXGroup;
			children = (
				9224FAE929C4945C0064123E /* ParisWeatherApp.swift */,
				9280E44D29C497C600F1B125 /* Views */,
				9280E44E29C497D700F1B125 /* Data */,
				9280E44F29C497E000F1B125 /* Extensions */,
				9224FAF429C494620064123E /* ParisWeather.entitlements */,
				9224FAF529C494620064123E /* Preview Content */,
			);
			path = ParisWeather;
			sourceTree = "<group>";
		};
		9224FAF529C494620064123E /* Preview Content */ = {
			isa = PBXGroup;
			children = (
				9224FAF629C494620064123E /* Preview Assets.xcassets */,
			);
			path = "Preview Content";
			sourceTree = "<group>";
		};
		9224FAFF29C494620064123E /* ParisWeatherTests */ = {
			isa = PBXGroup;
			children = (
				9224FB0029C494620064123E /* ParisWeatherTests.swift */,
			);
			path = ParisWeatherTests;
			sourceTree = "<group>";
		};
		9224FB0929C494620064123E /* ParisWeatherUITests */ = {
			isa = PBXGroup;
			children = (
				9224FB0A29C494620064123E /* ParisWeatherUITests.swift */,
				9224FB0C29C494620064123E /* ParisWeatherUITestsLaunchTests.swift */,
			);
			path = ParisWeatherUITests;
			sourceTree = "<group>";
		};
		925C6D7F29C4EA730034EADA /* HomeView */ = {
			isa = PBXGroup;
			children = (
				925C6D7929C4E3F70034EADA /* HomeView.swift */,
				925C6D7B29C4E4320034EADA /* HomeView-ViewModel.swift */,
				925C6D8029C4EAC30034EADA /* HomeViewLoaded.swift */,
				929BBB2A29C5D3BE0051DD1D /* WeatherRowView.swift */,
			);
			path = HomeView;
			sourceTree = "<group>";
		};
		9280E44D29C497C600F1B125 /* Views */ = {
			isa = PBXGroup;
			children = (
				9224FAF029C4945C0064123E /* ContentView.swift */,
				925C6D7F29C4EA730034EADA /* HomeView */,
				929BBB2C29C5EFC80051DD1D /* LoadingView.swift */,
				929BBB2E29C5F0990051DD1D /* FailedView.swift */,
			);
			path = Views;
			sourceTree = "<group>";
		};
		9280E44E29C497D700F1B125 /* Data */ = {
			isa = PBXGroup;
			children = (
				9280E45229C4986B00F1B125 /* Ressources */,
				9280E45129C4980400F1B125 /* WebService */,
				9280E45029C497F800F1B125 /* Models */,
			);
			path = Data;
			sourceTree = "<group>";
		};
		9280E44F29C497E000F1B125 /* Extensions */ = {
			isa = PBXGroup;
			children = (
				929BBB2829C5D2370051DD1D /* Date+ext.swift */,
			);
			path = Extensions;
			sourceTree = "<group>";
		};
		9280E45029C497F800F1B125 /* Models */ = {
			isa = PBXGroup;
			children = (
				92017AF729C4B58B00445167 /* Weather.swift */,
				925C6D7D29C4E7A60034EADA /* LoadingState.swift */,
			);
			path = Models;
			sourceTree = "<group>";
		};
		9280E45129C4980400F1B125 /* WebService */ = {
			isa = PBXGroup;
			children = (
				92017AE729C49B9500445167 /* WebService.swift */,
				92017AED29C4A57F00445167 /* CityWeatherNetworker.swift */,
				92017AEA29C49E0500445167 /* WebServiceError.swift */,
			);
			path = WebService;
			sourceTree = "<group>";
		};
		9280E45229C4986B00F1B125 /* Ressources */ = {
			isa = PBXGroup;
			children = (
				9224FAF229C494620064123E /* Assets.xcassets */,
				9224FAEB29C4945C0064123E /* Persistence.swift */,
				9224FAED29C4945C0064123E /* ParisWeather.xcdatamodeld */,
			);
			path = Ressources;
			sourceTree = "<group>";
		};
/* End PBXGroup section */

/* Begin PBXNativeTarget section */
		9224FAE529C4945C0064123E /* ParisWeather */ = {
			isa = PBXNativeTarget;
			buildConfigurationList = 9224FB1029C494620064123E /* Build configuration list for PBXNativeTarget "ParisWeather" */;
			buildPhases = (
				9224FAE229C4945C0064123E /* Sources */,
				9224FAE329C4945C0064123E /* Frameworks */,
				9224FAE429C4945C0064123E /* Resources */,
			);
			buildRules = (
			);
			dependencies = (
			);
			name = ParisWeather;
			productName = ParisWeather;
			productReference = 9224FAE629C4945C0064123E /* ParisWeather.app */;
			productType = "com.apple.product-type.application";
		};
		9224FAFB29C494620064123E /* ParisWeatherTests */ = {
			isa = PBXNativeTarget;
			buildConfigurationList = 9224FB1329C494620064123E /* Build configuration list for PBXNativeTarget "ParisWeatherTests" */;
			buildPhases = (
				9224FAF829C494620064123E /* Sources */,
				9224FAF929C494620064123E /* Frameworks */,
				9224FAFA29C494620064123E /* Resources */,
			);
			buildRules = (
			);
			dependencies = (
				9224FAFE29C494620064123E /* PBXTargetDependency */,
			);
			name = ParisWeatherTests;
			productName = ParisWeatherTests;
			productReference = 9224FAFC29C494620064123E /* ParisWeatherTests.xctest */;
			productType = "com.apple.product-type.bundle.unit-test";
		};
		9224FB0529C494620064123E /* ParisWeatherUITests */ = {
			isa = PBXNativeTarget;
			buildConfigurationList = 9224FB1629C494620064123E /* Build configuration list for PBXNativeTarget "ParisWeatherUITests" */;
			buildPhases = (
				9224FB0229C494620064123E /* Sources */,
				9224FB0329C494620064123E /* Frameworks */,
				9224FB0429C494620064123E /* Resources */,
			);
			buildRules = (
			);
			dependencies = (
				9224FB0829C494620064123E /* PBXTargetDependency */,
			);
			name = ParisWeatherUITests;
			productName = ParisWeatherUITests;
			productReference = 9224FB0629C494620064123E /* ParisWeatherUITests.xctest */;
			productType = "com.apple.product-type.bundle.ui-testing";
		};
/* End PBXNativeTarget section */

/* Begin PBXProject section */
		9224FADE29C4945C0064123E /* Project object */ = {
			isa = PBXProject;
			attributes = {
				BuildIndependentTargetsInParallel = 1;
				LastSwiftUpdateCheck = 1410;
				LastUpgradeCheck = 1410;
				TargetAttributes = {
					9224FAE529C4945C0064123E = {
						CreatedOnToolsVersion = 14.1;
					};
					9224FAFB29C494620064123E = {
						CreatedOnToolsVersion = 14.1;
						TestTargetID = 9224FAE529C4945C0064123E;
					};
					9224FB0529C494620064123E = {
						CreatedOnToolsVersion = 14.1;
						TestTargetID = 9224FAE529C4945C0064123E;
					};
				};
			};
			buildConfigurationList = 9224FAE129C4945C0064123E /* Build configuration list for PBXProject "ParisWeather" */;
			compatibilityVersion = "Xcode 14.0";
			developmentRegion = en;
			hasScannedForEncodings = 0;
			knownRegions = (
				en,
				Base,
			);
			mainGroup = 9224FADD29C4945C0064123E;
			productRefGroup = 9224FAE729C4945C0064123E /* Products */;
			projectDirPath = "";
			projectRoot = "";
			targets = (
				9224FAE529C4945C0064123E /* ParisWeather */,
				9224FAFB29C494620064123E /* ParisWeatherTests */,
				9224FB0529C494620064123E /* ParisWeatherUITests */,
			);
		};
/* End PBXProject section */

/* Begin PBXResourcesBuildPhase section */
		9224FAE429C4945C0064123E /* Resources */ = {
			isa = PBXResourcesBuildPhase;
			buildActionMask = 2147483647;
			files = (
				9224FAF729C494620064123E /* Preview Assets.xcassets in Resources */,
				9224FAF329C494620064123E /* Assets.xcassets in Resources */,
			);
			runOnlyForDeploymentPostprocessing = 0;
		};
		9224FAFA29C494620064123E /* Resources */ = {
			isa = PBXResourcesBuildPhase;
			buildActionMask = 2147483647;
			files = (
			);
			runOnlyForDeploymentPostprocessing = 0;
		};
		9224FB0429C494620064123E /* Resources */ = {
			isa = PBXResourcesBuildPhase;
			buildActionMask = 2147483647;
			files = (
			);
			runOnlyForDeploymentPostprocessing = 0;
		};
/* End PBXResourcesBuildPhase section */

/* Begin PBXSourcesBuildPhase section */
		9224FAE229C4945C0064123E /* Sources */ = {
			isa = PBXSourcesBuildPhase;
			buildActionMask = 2147483647;
			files = (
				925C6D7A29C4E3F70034EADA /* HomeView.swift in Sources */,
				929BBB2929C5D2370051DD1D /* Date+ext.swift in Sources */,
				92017AF829C4B58B00445167 /* Weather.swift in Sources */,
				9224FAEA29C4945C0064123E /* ParisWeatherApp.swift in Sources */,
				929BBB2B29C5D3BE0051DD1D /* WeatherRowView.swift in Sources */,
				92017AEB29C49E0500445167 /* WebServiceError.swift in Sources */,
				92017AEE29C4A57F00445167 /* CityWeatherNetworker.swift in Sources */,
				9224FAEC29C4945C0064123E /* Persistence.swift in Sources */,
				929BBB2D29C5EFC80051DD1D /* LoadingView.swift in Sources */,
				9224FAF129C4945C0064123E /* ContentView.swift in Sources */,
				92017AE829C49B9500445167 /* WebService.swift in Sources */,
				929BBB2F29C5F0990051DD1D /* FailedView.swift in Sources */,
				925C6D8129C4EAC30034EADA /* HomeViewLoaded.swift in Sources */,
				925C6D7C29C4E4320034EADA /* HomeView-ViewModel.swift in Sources */,
				9224FAEF29C4945C0064123E /* ParisWeather.xcdatamodeld in Sources */,
				925C6D7E29C4E7A60034EADA /* LoadingState.swift in Sources */,
			);
			runOnlyForDeploymentPostprocessing = 0;
		};
		9224FAF829C494620064123E /* Sources */ = {
			isa = PBXSourcesBuildPhase;
			buildActionMask = 2147483647;
			files = (
				92017AF929C4B58B00445167 /* Weather.swift in Sources */,
				92017AEF29C4A57F00445167 /* CityWeatherNetworker.swift in Sources */,
				92017AEC29C49F8100445167 /* WebService.swift in Sources */,
				9224FB0129C494620064123E /* ParisWeatherTests.swift in Sources */,
			);
			runOnlyForDeploymentPostprocessing = 0;
		};
		9224FB0229C494620064123E /* Sources */ = {
			isa = PBXSourcesBuildPhase;
			buildActionMask = 2147483647;
			files = (
				9224FB0B29C494620064123E /* ParisWeatherUITests.swift in Sources */,
				9224FB0D29C494620064123E /* ParisWeatherUITestsLaunchTests.swift in Sources */,
			);
			runOnlyForDeploymentPostprocessing = 0;
		};
/* End PBXSourcesBuildPhase section */

/* Begin PBXTargetDependency section */
		9224FAFE29C494620064123E /* PBXTargetDependency */ = {
			isa = PBXTargetDependency;
			target = 9224FAE529C4945C0064123E /* ParisWeather */;
			targetProxy = 9224FAFD29C494620064123E /* PBXContainerItemProxy */;
		};
		9224FB0829C494620064123E /* PBXTargetDependency */ = {
			isa = PBXTargetDependency;
			target = 9224FAE529C4945C0064123E /* ParisWeather */;
			targetProxy = 9224FB0729C494620064123E /* PBXContainerItemProxy */;
		};
/* End PBXTargetDependency section */

/* Begin XCBuildConfiguration section */
		9224FB0E29C494620064123E /* Debug */ = {
			isa = XCBuildConfiguration;
			buildSettings = {
				ALWAYS_SEARCH_USER_PATHS = NO;
				CLANG_ANALYZER_NONNULL = YES;
				CLANG_ANALYZER_NUMBER_OBJECT_CONVERSION = YES_AGGRESSIVE;
				CLANG_CXX_LANGUAGE_STANDARD = "gnu++20";
				CLANG_ENABLE_MODULES = YES;
				CLANG_ENABLE_OBJC_ARC = YES;
				CLANG_ENABLE_OBJC_WEAK = YES;
				CLANG_WARN_BLOCK_CAPTURE_AUTORELEASING = YES;
				CLANG_WARN_BOOL_CONVERSION = YES;
				CLANG_WARN_COMMA = YES;
				CLANG_WARN_CONSTANT_CONVERSION = YES;
				CLANG_WARN_DEPRECATED_OBJC_IMPLEMENTATIONS = YES;
				CLANG_WARN_DIRECT_OBJC_ISA_USAGE = YES_ERROR;
				CLANG_WARN_DOCUMENTATION_COMMENTS = YES;
				CLANG_WARN_EMPTY_BODY = YES;
				CLANG_WARN_ENUM_CONVERSION = YES;
				CLANG_WARN_INFINITE_RECURSION = YES;
				CLANG_WARN_INT_CONVERSION = YES;
				CLANG_WARN_NON_LITERAL_NULL_CONVERSION = YES;
				CLANG_WARN_OBJC_IMPLICIT_RETAIN_SELF = YES;
				CLANG_WARN_OBJC_LITERAL_CONVERSION = YES;
				CLANG_WARN_OBJC_ROOT_CLASS = YES_ERROR;
				CLANG_WARN_QUOTED_INCLUDE_IN_FRAMEWORK_HEADER = YES;
				CLANG_WARN_RANGE_LOOP_ANALYSIS = YES;
				CLANG_WARN_STRICT_PROTOTYPES = YES;
				CLANG_WARN_SUSPICIOUS_MOVE = YES;
				CLANG_WARN_UNGUARDED_AVAILABILITY = YES_AGGRESSIVE;
				CLANG_WARN_UNREACHABLE_CODE = YES;
				CLANG_WARN__DUPLICATE_METHOD_MATCH = YES;
				COPY_PHASE_STRIP = NO;
				DEBUG_INFORMATION_FORMAT = dwarf;
				ENABLE_STRICT_OBJC_MSGSEND = YES;
				ENABLE_TESTABILITY = YES;
				GCC_C_LANGUAGE_STANDARD = gnu11;
				GCC_DYNAMIC_NO_PIC = NO;
				GCC_NO_COMMON_BLOCKS = YES;
				GCC_OPTIMIZATION_LEVEL = 0;
				GCC_PREPROCESSOR_DEFINITIONS = (
					"DEBUG=1",
					"$(inherited)",
				);
				GCC_WARN_64_TO_32_BIT_CONVERSION = YES;
				GCC_WARN_ABOUT_RETURN_TYPE = YES_ERROR;
				GCC_WARN_UNDECLARED_SELECTOR = YES;
				GCC_WARN_UNINITIALIZED_AUTOS = YES_AGGRESSIVE;
				GCC_WARN_UNUSED_FUNCTION = YES;
				GCC_WARN_UNUSED_VARIABLE = YES;
				INFOPLIST_KEY_UIApplicationSceneManifest_Generation = NO;
				MTL_ENABLE_DEBUG_INFO = INCLUDE_SOURCE;
				MTL_FAST_MATH = YES;
				ONLY_ACTIVE_ARCH = YES;
				SWIFT_ACTIVE_COMPILATION_CONDITIONS = DEBUG;
				SWIFT_OPTIMIZATION_LEVEL = "-Onone";
			};
			name = Debug;
		};
		9224FB0F29C494620064123E /* Release */ = {
			isa = XCBuildConfiguration;
			buildSettings = {
				ALWAYS_SEARCH_USER_PATHS = NO;
				CLANG_ANALYZER_NONNULL = YES;
				CLANG_ANALYZER_NUMBER_OBJECT_CONVERSION = YES_AGGRESSIVE;
				CLANG_CXX_LANGUAGE_STANDARD = "gnu++20";
				CLANG_ENABLE_MODULES = YES;
				CLANG_ENABLE_OBJC_ARC = YES;
				CLANG_ENABLE_OBJC_WEAK = YES;
				CLANG_WARN_BLOCK_CAPTURE_AUTORELEASING = YES;
				CLANG_WARN_BOOL_CONVERSION = YES;
				CLANG_WARN_COMMA = YES;
				CLANG_WARN_CONSTANT_CONVERSION = YES;
				CLANG_WARN_DEPRECATED_OBJC_IMPLEMENTATIONS = YES;
				CLANG_WARN_DIRECT_OBJC_ISA_USAGE = YES_ERROR;
				CLANG_WARN_DOCUMENTATION_COMMENTS = YES;
				CLANG_WARN_EMPTY_BODY = YES;
				CLANG_WARN_ENUM_CONVERSION = YES;
				CLANG_WARN_INFINITE_RECURSION = YES;
				CLANG_WARN_INT_CONVERSION = YES;
				CLANG_WARN_NON_LITERAL_NULL_CONVERSION = YES;
				CLANG_WARN_OBJC_IMPLICIT_RETAIN_SELF = YES;
				CLANG_WARN_OBJC_LITERAL_CONVERSION = YES;
				CLANG_WARN_OBJC_ROOT_CLASS = YES_ERROR;
				CLANG_WARN_QUOTED_INCLUDE_IN_FRAMEWORK_HEADER = YES;
				CLANG_WARN_RANGE_LOOP_ANALYSIS = YES;
				CLANG_WARN_STRICT_PROTOTYPES = YES;
				CLANG_WARN_SUSPICIOUS_MOVE = YES;
				CLANG_WARN_UNGUARDED_AVAILABILITY = YES_AGGRESSIVE;
				CLANG_WARN_UNREACHABLE_CODE = YES;
				CLANG_WARN__DUPLICATE_METHOD_MATCH = YES;
				COPY_PHASE_STRIP = NO;
				DEBUG_INFORMATION_FORMAT = "dwarf-with-dsym";
				ENABLE_NS_ASSERTIONS = NO;
				ENABLE_STRICT_OBJC_MSGSEND = YES;
				GCC_C_LANGUAGE_STANDARD = gnu11;
				GCC_NO_COMMON_BLOCKS = YES;
				GCC_WARN_64_TO_32_BIT_CONVERSION = YES;
				GCC_WARN_ABOUT_RETURN_TYPE = YES_ERROR;
				GCC_WARN_UNDECLARED_SELECTOR = YES;
				GCC_WARN_UNINITIALIZED_AUTOS = YES_AGGRESSIVE;
				GCC_WARN_UNUSED_FUNCTION = YES;
				GCC_WARN_UNUSED_VARIABLE = YES;
				INFOPLIST_KEY_UIApplicationSceneManifest_Generation = NO;
				MTL_ENABLE_DEBUG_INFO = NO;
				MTL_FAST_MATH = YES;
				SWIFT_COMPILATION_MODE = wholemodule;
				SWIFT_OPTIMIZATION_LEVEL = "-O";
			};
			name = Release;
		};
		9224FB1129C494620064123E /* Debug */ = {
			isa = XCBuildConfiguration;
			buildSettings = {
				ASSETCATALOG_COMPILER_APPICON_NAME = AppIcon;
				ASSETCATALOG_COMPILER_GLOBAL_ACCENT_COLOR_NAME = AccentColor;
				CODE_SIGN_ENTITLEMENTS = ParisWeather/ParisWeather.entitlements;
				CODE_SIGN_STYLE = Automatic;
				CURRENT_PROJECT_VERSION = 1;
				DEVELOPMENT_ASSET_PATHS = "\"ParisWeather/Preview Content\"";
				DEVELOPMENT_TEAM = VM38HWZRWF;
				ENABLE_HARDENED_RUNTIME = YES;
				ENABLE_PREVIEWS = YES;
				GENERATE_INFOPLIST_FILE = YES;
				"INFOPLIST_KEY_UIApplicationSceneManifest_Generation[sdk=iphoneos*]" = YES;
				"INFOPLIST_KEY_UIApplicationSceneManifest_Generation[sdk=iphonesimulator*]" = YES;
				"INFOPLIST_KEY_UIApplicationSupportsIndirectInputEvents[sdk=iphoneos*]" = YES;
				"INFOPLIST_KEY_UIApplicationSupportsIndirectInputEvents[sdk=iphonesimulator*]" = YES;
				"INFOPLIST_KEY_UILaunchScreen_Generation[sdk=iphoneos*]" = YES;
				"INFOPLIST_KEY_UILaunchScreen_Generation[sdk=iphonesimulator*]" = YES;
				"INFOPLIST_KEY_UIStatusBarStyle[sdk=iphoneos*]" = UIStatusBarStyleDefault;
				"INFOPLIST_KEY_UIStatusBarStyle[sdk=iphonesimulator*]" = UIStatusBarStyleDefault;
				INFOPLIST_KEY_UISupportedInterfaceOrientations_iPad = "UIInterfaceOrientationPortrait UIInterfaceOrientationPortraitUpsideDown UIInterfaceOrientationLandscapeLeft UIInterfaceOrientationLandscapeRight";
				INFOPLIST_KEY_UISupportedInterfaceOrientations_iPhone = "UIInterfaceOrientationPortrait UIInterfaceOrientationLandscapeLeft UIInterfaceOrientationLandscapeRight";
				IPHONEOS_DEPLOYMENT_TARGET = 16.1;
				LD_RUNPATH_SEARCH_PATHS = "@executable_path/Frameworks";
				"LD_RUNPATH_SEARCH_PATHS[sdk=macosx*]" = "@executable_path/../Frameworks";
				MACOSX_DEPLOYMENT_TARGET = 13.0;
				MARKETING_VERSION = 1.0;
				PRODUCT_BUNDLE_IDENTIFIER = com.cedriksaraiva.ParisWeather;
				PRODUCT_NAME = "$(TARGET_NAME)";
				SDKROOT = auto;
				SUPPORTED_PLATFORMS = "iphoneos iphonesimulator macosx";
				SWIFT_EMIT_LOC_STRINGS = YES;
				SWIFT_VERSION = 5.0;
				TARGETED_DEVICE_FAMILY = "1,2";
			};
			name = Debug;
		};
		9224FB1229C494620064123E /* Release */ = {
			isa = XCBuildConfiguration;
			buildSettings = {
				ASSETCATALOG_COMPILER_APPICON_NAME = AppIcon;
				ASSETCATALOG_COMPILER_GLOBAL_ACCENT_COLOR_NAME = AccentColor;
				CODE_SIGN_ENTITLEMENTS = ParisWeather/ParisWeather.entitlements;
				CODE_SIGN_STYLE = Automatic;
				CURRENT_PROJECT_VERSION = 1;
				DEVELOPMENT_ASSET_PATHS = "\"ParisWeather/Preview Content\"";
				DEVELOPMENT_TEAM = VM38HWZRWF;
				ENABLE_HARDENED_RUNTIME = YES;
				ENABLE_PREVIEWS = YES;
				GENERATE_INFOPLIST_FILE = YES;
				"INFOPLIST_KEY_UIApplicationSceneManifest_Generation[sdk=iphoneos*]" = YES;
				"INFOPLIST_KEY_UIApplicationSceneManifest_Generation[sdk=iphonesimulator*]" = YES;
				"INFOPLIST_KEY_UIApplicationSupportsIndirectInputEvents[sdk=iphoneos*]" = YES;
				"INFOPLIST_KEY_UIApplicationSupportsIndirectInputEvents[sdk=iphonesimulator*]" = YES;
				"INFOPLIST_KEY_UILaunchScreen_Generation[sdk=iphoneos*]" = YES;
				"INFOPLIST_KEY_UILaunchScreen_Generation[sdk=iphonesimulator*]" = YES;
				"INFOPLIST_KEY_UIStatusBarStyle[sdk=iphoneos*]" = UIStatusBarStyleDefault;
				"INFOPLIST_KEY_UIStatusBarStyle[sdk=iphonesimulator*]" = UIStatusBarStyleDefault;
				INFOPLIST_KEY_UISupportedInterfaceOrientations_iPad = "UIInterfaceOrientationPortrait UIInterfaceOrientationPortraitUpsideDown UIInterfaceOrientationLandscapeLeft UIInterfaceOrientationLandscapeRight";
				INFOPLIST_KEY_UISupportedInterfaceOrientations_iPhone = "UIInterfaceOrientationPortrait UIInterfaceOrientationLandscapeLeft UIInterfaceOrientationLandscapeRight";
				IPHONEOS_DEPLOYMENT_TARGET = 16.1;
				LD_RUNPATH_SEARCH_PATHS = "@executable_path/Frameworks";
				"LD_RUNPATH_SEARCH_PATHS[sdk=macosx*]" = "@executable_path/../Frameworks";
				MACOSX_DEPLOYMENT_TARGET = 13.0;
				MARKETING_VERSION = 1.0;
				PRODUCT_BUNDLE_IDENTIFIER = com.cedriksaraiva.ParisWeather;
				PRODUCT_NAME = "$(TARGET_NAME)";
				SDKROOT = auto;
				SUPPORTED_PLATFORMS = "iphoneos iphonesimulator macosx";
				SWIFT_EMIT_LOC_STRINGS = YES;
				SWIFT_VERSION = 5.0;
				TARGETED_DEVICE_FAMILY = "1,2";
			};
			name = Release;
		};
		9224FB1429C494620064123E /* Debug */ = {
			isa = XCBuildConfiguration;
			buildSettings = {
				ALWAYS_EMBED_SWIFT_STANDARD_LIBRARIES = YES;
				BUNDLE_LOADER = "$(TEST_HOST)";
				CODE_SIGN_STYLE = Automatic;
				CURRENT_PROJECT_VERSION = 1;
				DEVELOPMENT_TEAM = VM38HWZRWF;
				GENERATE_INFOPLIST_FILE = YES;
				IPHONEOS_DEPLOYMENT_TARGET = 16.1;
				MACOSX_DEPLOYMENT_TARGET = 13.0;
				MARKETING_VERSION = 1.0;
				PRODUCT_BUNDLE_IDENTIFIER = com.cedriksaraiva.ParisWeatherTests;
				PRODUCT_NAME = "$(TARGET_NAME)";
				SDKROOT = auto;
				SUPPORTED_PLATFORMS = "iphoneos iphonesimulator macosx";
				SWIFT_EMIT_LOC_STRINGS = NO;
				SWIFT_VERSION = 5.0;
				TARGETED_DEVICE_FAMILY = "1,2";
				TEST_HOST = "$(BUILT_PRODUCTS_DIR)/ParisWeather.app/$(BUNDLE_EXECUTABLE_FOLDER_PATH)/ParisWeather";
			};
			name = Debug;
		};
		9224FB1529C494620064123E /* Release */ = {
			isa = XCBuildConfiguration;
			buildSettings = {
				ALWAYS_EMBED_SWIFT_STANDARD_LIBRARIES = YES;
				BUNDLE_LOADER = "$(TEST_HOST)";
				CODE_SIGN_STYLE = Automatic;
				CURRENT_PROJECT_VERSION = 1;
				DEVELOPMENT_TEAM = VM38HWZRWF;
				GENERATE_INFOPLIST_FILE = YES;
				IPHONEOS_DEPLOYMENT_TARGET = 16.1;
				MACOSX_DEPLOYMENT_TARGET = 13.0;
				MARKETING_VERSION = 1.0;
				PRODUCT_BUNDLE_IDENTIFIER = com.cedriksaraiva.ParisWeatherTests;
				PRODUCT_NAME = "$(TARGET_NAME)";
				SDKROOT = auto;
				SUPPORTED_PLATFORMS = "iphoneos iphonesimulator macosx";
				SWIFT_EMIT_LOC_STRINGS = NO;
				SWIFT_VERSION = 5.0;
				TARGETED_DEVICE_FAMILY = "1,2";
				TEST_HOST = "$(BUILT_PRODUCTS_DIR)/ParisWeather.app/$(BUNDLE_EXECUTABLE_FOLDER_PATH)/ParisWeather";
			};
			name = Release;
		};
		9224FB1729C494620064123E /* Debug */ = {
			isa = XCBuildConfiguration;
			buildSettings = {
				ALWAYS_EMBED_SWIFT_STANDARD_LIBRARIES = YES;
				CODE_SIGN_STYLE = Automatic;
				CURRENT_PROJECT_VERSION = 1;
				DEVELOPMENT_TEAM = VM38HWZRWF;
				GENERATE_INFOPLIST_FILE = YES;
				IPHONEOS_DEPLOYMENT_TARGET = 16.1;
				MACOSX_DEPLOYMENT_TARGET = 13.0;
				MARKETING_VERSION = 1.0;
				PRODUCT_BUNDLE_IDENTIFIER = com.cedriksaraiva.ParisWeatherUITests;
				PRODUCT_NAME = "$(TARGET_NAME)";
				SDKROOT = auto;
				SUPPORTED_PLATFORMS = "iphoneos iphonesimulator macosx";
				SWIFT_EMIT_LOC_STRINGS = NO;
				SWIFT_VERSION = 5.0;
				TARGETED_DEVICE_FAMILY = "1,2";
				TEST_TARGET_NAME = ParisWeather;
			};
			name = Debug;
		};
		9224FB1829C494620064123E /* Release */ = {
			isa = XCBuildConfiguration;
			buildSettings = {
				ALWAYS_EMBED_SWIFT_STANDARD_LIBRARIES = YES;
				CODE_SIGN_STYLE = Automatic;
				CURRENT_PROJECT_VERSION = 1;
				DEVELOPMENT_TEAM = VM38HWZRWF;
				GENERATE_INFOPLIST_FILE = YES;
				IPHONEOS_DEPLOYMENT_TARGET = 16.1;
				MACOSX_DEPLOYMENT_TARGET = 13.0;
				MARKETING_VERSION = 1.0;
				PRODUCT_BUNDLE_IDENTIFIER = com.cedriksaraiva.ParisWeatherUITests;
				PRODUCT_NAME = "$(TARGET_NAME)";
				SDKROOT = auto;
				SUPPORTED_PLATFORMS = "iphoneos iphonesimulator macosx";
				SWIFT_EMIT_LOC_STRINGS = NO;
				SWIFT_VERSION = 5.0;
				TARGETED_DEVICE_FAMILY = "1,2";
				TEST_TARGET_NAME = ParisWeather;
			};
			name = Release;
		};
/* End XCBuildConfiguration section */

/* Begin XCConfigurationList section */
		9224FAE129C4945C0064123E /* Build configuration list for PBXProject "ParisWeather" */ = {
			isa = XCConfigurationList;
			buildConfigurations = (
				9224FB0E29C494620064123E /* Debug */,
				9224FB0F29C494620064123E /* Release */,
			);
			defaultConfigurationIsVisible = 0;
			defaultConfigurationName = Release;
		};
		9224FB1029C494620064123E /* Build configuration list for PBXNativeTarget "ParisWeather" */ = {
			isa = XCConfigurationList;
			buildConfigurations = (
				9224FB1129C494620064123E /* Debug */,
				9224FB1229C494620064123E /* Release */,
			);
			defaultConfigurationIsVisible = 0;
			defaultConfigurationName = Release;
		};
		9224FB1329C494620064123E /* Build configuration list for PBXNativeTarget "ParisWeatherTests" */ = {
			isa = XCConfigurationList;
			buildConfigurations = (
				9224FB1429C494620064123E /* Debug */,
				9224FB1529C494620064123E /* Release */,
			);
			defaultConfigurationIsVisible = 0;
			defaultConfigurationName = Release;
		};
		9224FB1629C494620064123E /* Build configuration list for PBXNativeTarget "ParisWeatherUITests" */ = {
			isa = XCConfigurationList;
			buildConfigurations = (
				9224FB1729C494620064123E /* Debug */,
				9224FB1829C494620064123E /* Release */,
			);
			defaultConfigurationIsVisible = 0;
			defaultConfigurationName = Release;
		};
/* End XCConfigurationList section */

/* Begin XCVersionGroup section */
		9224FAED29C4945C0064123E /* ParisWeather.xcdatamodeld */ = {
			isa = XCVersionGroup;
			children = (
				9224FAEE29C4945C0064123E /* ParisWeather.xcdatamodel */,
			);
			currentVersion = 9224FAEE29C4945C0064123E /* ParisWeather.xcdatamodel */;
			path = ParisWeather.xcdatamodeld;
			sourceTree = "<group>";
			versionGroupType = wrapper.xcdatamodel;
		};
/* End XCVersionGroup section */
	};
	rootObject = 9224FADE29C4945C0064123E /* Project object */;
}
